
Microsoft Visual Studio Solution File, Format Version 12.00
# Visual Studio Version 16
VisualStudioVersion = 16.0.31105.61
MinimumVisualStudioVersion = 10.0.40219.1
Project("{FAE04EC0-301F-11D3-BF4B-00C04F79EFBC}") = "WinFormsApp1", "WinFormsApp1\WinFormsApp1.csproj", "{FD90FDF1-CAD9-44DE-B558-B2FF45ACBDFD}"
EndProject
Global
	GlobalSection(SolutionConfigurationPlatforms) = preSolution
		Debug|Any CPU = Debug|Any CPU
		Release|Any CPU = Release|Any CPU
	EndGlobalSection
	GlobalSection(ProjectConfigurationPlatforms) = postSolution
		{FD90FDF1-CAD9-44DE-B558-B2FF45ACBDFD}.Debug|Any CPU.ActiveCfg = Debug|Any CPU
		{FD90FDF1-CAD9-44DE-B558-B2FF45ACBDFD}.Debug|Any CPU.Build.0 = Debug|Any CPU
		{FD90FDF1-CAD9-44DE-B558-B2FF45ACBDFD}.Release|Any CPU.ActiveCfg = Release|Any CPU
		{FD90FDF1-CAD9-44DE-B558-B2FF45ACBDFD}.Release|Any CPU.Build.0 = Release|Any CPU
	EndGlobalSection
	GlobalSection(SolutionProperties) = preSolution
		HideSolutionNode = FALSE
	EndGlobalSection
	GlobalSection(ExtensibilityGlobals) = postSolution
		SolutionGuid = {C46BE786-B65E-4A07-8C82-399C4C436A5D}
	EndGlobalSection
EndGlobal
